
Microsoft Visual Studio Solution File, Format Version 12.00
# Visual Studio Version 17
VisualStudioVersion = 17.13.35828.75
MinimumVisualStudioVersion = 10.0.40219.1
Project("{FAE04EC0-301F-11D3-BF4B-00C04F79EFBC}") = "LearnSharp.API", "LearnSharp.API\LearnSharp.API.csproj", "{6944776E-5749-4206-8193-082050DC132E}"
EndProject
Project("{FAE04EC0-301F-11D3-BF4B-00C04F79EFBC}") = "LearnSharp.Domain", "LearnSharp.Domain\LearnSharp.Domain.csproj", "{B511A78B-B198-422C-8DF3-DBBA3257E0FA}"
EndProject
Project("{FAE04EC0-301F-11D3-BF4B-00C04F79EFBC}") = "LearnSharp.Application", "LearnSharp.Application\LearnSharp.Application.csproj", "{D8C8AEBE-DC04-4AA1-8ED3-C4E0462843EA}"
EndProject
Project("{FAE04EC0-301F-11D3-BF4B-00C04F79EFBC}") = "LearnSharp.Infra.Sql", "LearnSharp.Infra\LearnSharp.Infra.Sql.csproj", "{D605246B-E55B-49A3-8010-E47961A851DE}"
EndProject
Project("{2150E333-8FDC-42A3-9474-1A3956D46DE8}") = "src", "src", "{02EA681E-C7D8-13C7-8484-4AC65E1B71E8}"
EndProject
Project("{2150E333-8FDC-42A3-9474-1A3956D46DE8}") = "tests", "tests", "{BCBBC2B9-1368-4B4A-9555-3C37887EAAA6}"
EndProject
Project("{FAE04EC0-301F-11D3-BF4B-00C04F79EFBC}") = "LearnSharp.UnitTests", "LearnSharp.UnitTests\LearnSharp.UnitTests.csproj", "{A737FCE1-F30F-4DD9-857A-2397DFE7EF14}"
EndProject
Project("{2150E333-8FDC-42A3-9474-1A3956D46DE8}") = "0 - API", "0 - API", "{A2EBA78B-D1CB-4EEC-9C01-6A1B8182980C}"
EndProject
Project("{2150E333-8FDC-42A3-9474-1A3956D46DE8}") = "1 - Application", "1 - Application", "{48ED5954-1D99-4ED2-BC7E-3AC1CDB9DB81}"
EndProject
Project("{2150E333-8FDC-42A3-9474-1A3956D46DE8}") = "2 - Domain", "2 - Domain", "{1A2E899D-588D-4720-9768-69797E9FB688}"
EndProject
Project("{2150E333-8FDC-42A3-9474-1A3956D46DE8}") = "3- Infra", "3- Infra", "{AFAD8D87-274A-419A-8A9C-FCC6D3848863}"
EndProject
Project("{2150E333-8FDC-42A3-9474-1A3956D46DE8}") = "3.1 - Sql", "3.1 - Sql", "{742131C5-6D8A-4B1D-B7FA-F248C2BC1048}"
EndProject
Global
	GlobalSection(SolutionConfigurationPlatforms) = preSolution
		Debug|Any CPU = Debug|Any CPU
		Release|Any CPU = Release|Any CPU
	EndGlobalSection
	GlobalSection(ProjectConfigurationPlatforms) = postSolution
		{6944776E-5749-4206-8193-082050DC132E}.Debug|Any CPU.ActiveCfg = Debug|Any CPU
		{6944776E-5749-4206-8193-082050DC132E}.Debug|Any CPU.Build.0 = Debug|Any CPU
		{6944776E-5749-4206-8193-082050DC132E}.Release|Any CPU.ActiveCfg = Release|Any CPU
		{6944776E-5749-4206-8193-082050DC132E}.Release|Any CPU.Build.0 = Release|Any CPU
		{B511A78B-B198-422C-8DF3-DBBA3257E0FA}.Debug|Any CPU.ActiveCfg = Debug|Any CPU
		{B511A78B-B198-422C-8DF3-DBBA3257E0FA}.Debug|Any CPU.Build.0 = Debug|Any CPU
		{B511A78B-B198-422C-8DF3-DBBA3257E0FA}.Release|Any CPU.ActiveCfg = Release|Any CPU
		{B511A78B-B198-422C-8DF3-DBBA3257E0FA}.Release|Any CPU.Build.0 = Release|Any CPU
		{D8C8AEBE-DC04-4AA1-8ED3-C4E0462843EA}.Debug|Any CPU.ActiveCfg = Debug|Any CPU
		{D8C8AEBE-DC04-4AA1-8ED3-C4E0462843EA}.Debug|Any CPU.Build.0 = Debug|Any CPU
		{D8C8AEBE-DC04-4AA1-8ED3-C4E0462843EA}.Release|Any CPU.ActiveCfg = Release|Any CPU
		{D8C8AEBE-DC04-4AA1-8ED3-C4E0462843EA}.Release|Any CPU.Build.0 = Release|Any CPU
		{D605246B-E55B-49A3-8010-E47961A851DE}.Debug|Any CPU.ActiveCfg = Debug|Any CPU
		{D605246B-E55B-49A3-8010-E47961A851DE}.Debug|Any CPU.Build.0 = Debug|Any CPU
		{D605246B-E55B-49A3-8010-E47961A851DE}.Release|Any CPU.ActiveCfg = Release|Any CPU
		{D605246B-E55B-49A3-8010-E47961A851DE}.Release|Any CPU.Build.0 = Release|Any CPU
		{A737FCE1-F30F-4DD9-857A-2397DFE7EF14}.Debug|Any CPU.ActiveCfg = Debug|Any CPU
		{A737FCE1-F30F-4DD9-857A-2397DFE7EF14}.Debug|Any CPU.Build.0 = Debug|Any CPU
		{A737FCE1-F30F-4DD9-857A-2397DFE7EF14}.Release|Any CPU.ActiveCfg = Release|Any CPU
		{A737FCE1-F30F-4DD9-857A-2397DFE7EF14}.Release|Any CPU.Build.0 = Release|Any CPU
	EndGlobalSection
	GlobalSection(SolutionProperties) = preSolution
		HideSolutionNode = FALSE
	EndGlobalSection
	GlobalSection(NestedProjects) = preSolution
		{6944776E-5749-4206-8193-082050DC132E} = {A2EBA78B-D1CB-4EEC-9C01-6A1B8182980C}
		{B511A78B-B198-422C-8DF3-DBBA3257E0FA} = {1A2E899D-588D-4720-9768-69797E9FB688}
		{D8C8AEBE-DC04-4AA1-8ED3-C4E0462843EA} = {48ED5954-1D99-4ED2-BC7E-3AC1CDB9DB81}
		{D605246B-E55B-49A3-8010-E47961A851DE} = {742131C5-6D8A-4B1D-B7FA-F248C2BC1048}
		{A737FCE1-F30F-4DD9-857A-2397DFE7EF14} = {BCBBC2B9-1368-4B4A-9555-3C37887EAAA6}
		{A2EBA78B-D1CB-4EEC-9C01-6A1B8182980C} = {02EA681E-C7D8-13C7-8484-4AC65E1B71E8}
		{48ED5954-1D99-4ED2-BC7E-3AC1CDB9DB81} = {02EA681E-C7D8-13C7-8484-4AC65E1B71E8}
		{1A2E899D-588D-4720-9768-69797E9FB688} = {02EA681E-C7D8-13C7-8484-4AC65E1B71E8}
		{AFAD8D87-274A-419A-8A9C-FCC6D3848863} = {02EA681E-C7D8-13C7-8484-4AC65E1B71E8}
		{742131C5-6D8A-4B1D-B7FA-F248C2BC1048} = {AFAD8D87-274A-419A-8A9C-FCC6D3848863}
	EndGlobalSection
	GlobalSection(ExtensibilityGlobals) = postSolution
		SolutionGuid = {768A9AFB-AAC2-46C1-B59C-E321C1431AB9}
	EndGlobalSection
EndGlobal
